
Microsoft Visual Studio Solution File, Format Version 12.00
# Visual Studio Version 17
VisualStudioVersion = 17.3.32929.385
MinimumVisualStudioVersion = 10.0.40219.1
Project("{FAE04EC0-301F-11D3-BF4B-00C04F79EFBC}") = "ECommerce_Fabrics.Entities", "ECommerce_Fabrics.Entities\ECommerce_Fabrics.Entities.csproj", "{D6E18908-5C41-4E58-94DA-0BF0A28BE71F}"
EndProject
Project("{FAE04EC0-301F-11D3-BF4B-00C04F79EFBC}") = "ECommerce_Fabrics.Database", "ECommerce_Fabrics.Database\ECommerce_Fabrics.Database.csproj", "{74DCF82D-F843-4750-91E0-2783F69DBAF1}"
EndProject
Project("{FAE04EC0-301F-11D3-BF4B-00C04F79EFBC}") = "ECommerce_Fabrics.Web", "ECommerce_Fabrics.Web\ECommerce_Fabrics.Web.csproj", "{B8EE56C0-3362-4954-9D51-6C4F27B53958}"
EndProject
Project("{FAE04EC0-301F-11D3-BF4B-00C04F79EFBC}") = "ECommerce_Fabrics.Services", "ECommerce_Fabrics.Services\ECommerce_Fabrics.Services.csproj", "{27A50E1B-C2EB-4A5B-945A-E45635A84FCB}"
EndProject
Global
	GlobalSection(SolutionConfigurationPlatforms) = preSolution
		Debug|Any CPU = Debug|Any CPU
		Release|Any CPU = Release|Any CPU
	EndGlobalSection
	GlobalSection(ProjectConfigurationPlatforms) = postSolution
		{D6E18908-5C41-4E58-94DA-0BF0A28BE71F}.Debug|Any CPU.ActiveCfg = Debug|Any CPU
		{D6E18908-5C41-4E58-94DA-0BF0A28BE71F}.Debug|Any CPU.Build.0 = Debug|Any CPU
		{D6E18908-5C41-4E58-94DA-0BF0A28BE71F}.Release|Any CPU.ActiveCfg = Release|Any CPU
		{D6E18908-5C41-4E58-94DA-0BF0A28BE71F}.Release|Any CPU.Build.0 = Release|Any CPU
		{74DCF82D-F843-4750-91E0-2783F69DBAF1}.Debug|Any CPU.ActiveCfg = Debug|Any CPU
		{74DCF82D-F843-4750-91E0-2783F69DBAF1}.Debug|Any CPU.Build.0 = Debug|Any CPU
		{74DCF82D-F843-4750-91E0-2783F69DBAF1}.Release|Any CPU.ActiveCfg = Release|Any CPU
		{74DCF82D-F843-4750-91E0-2783F69DBAF1}.Release|Any CPU.Build.0 = Release|Any CPU
		{B8EE56C0-3362-4954-9D51-6C4F27B53958}.Debug|Any CPU.ActiveCfg = Debug|Any CPU
		{B8EE56C0-3362-4954-9D51-6C4F27B53958}.Debug|Any CPU.Build.0 = Debug|Any CPU
		{B8EE56C0-3362-4954-9D51-6C4F27B53958}.Release|Any CPU.ActiveCfg = Release|Any CPU
		{B8EE56C0-3362-4954-9D51-6C4F27B53958}.Release|Any CPU.Build.0 = Release|Any CPU
		{27A50E1B-C2EB-4A5B-945A-E45635A84FCB}.Debug|Any CPU.ActiveCfg = Debug|Any CPU
		{27A50E1B-C2EB-4A5B-945A-E45635A84FCB}.Debug|Any CPU.Build.0 = Debug|Any CPU
		{27A50E1B-C2EB-4A5B-945A-E45635A84FCB}.Release|Any CPU.ActiveCfg = Release|Any CPU
		{27A50E1B-C2EB-4A5B-945A-E45635A84FCB}.Release|Any CPU.Build.0 = Release|Any CPU
	EndGlobalSection
	GlobalSection(SolutionProperties) = preSolution
		HideSolutionNode = FALSE
	EndGlobalSection
	GlobalSection(ExtensibilityGlobals) = postSolution
		SolutionGuid = {E17E7913-0619-43AE-A50E-D109A87F7701}
	EndGlobalSection
EndGlobal
